
Microsoft Visual Studio Solution File, Format Version 12.00
# Visual Studio Version 16
VisualStudioVersion = 16.0.32510.428
MinimumVisualStudioVersion = 10.0.40219.1
Project("{FAE04EC0-301F-11D3-BF4B-00C04F79EFBC}") = "OdeToFood.Web", "OdeToFood.Web\OdeToFood.Web.csproj", "{518A0DC4-A738-4EC9-9772-3C9D8CCB9FDB}"
EndProject
Project("{FAE04EC0-301F-11D3-BF4B-00C04F79EFBC}") = "OdeToFood.Data", "OdeToFood.Data\OdeToFood.Data.csproj", "{B8DDA6E9-D856-4723-85C4-30926D436B52}"
EndProject
Global
	GlobalSection(SolutionConfigurationPlatforms) = preSolution
		Debug|Any CPU = Debug|Any CPU
		Release|Any CPU = Release|Any CPU
	EndGlobalSection
	GlobalSection(ProjectConfigurationPlatforms) = postSolution
		{518A0DC4-A738-4EC9-9772-3C9D8CCB9FDB}.Debug|Any CPU.ActiveCfg = Debug|Any CPU
		{518A0DC4-A738-4EC9-9772-3C9D8CCB9FDB}.Debug|Any CPU.Build.0 = Debug|Any CPU
		{518A0DC4-A738-4EC9-9772-3C9D8CCB9FDB}.Release|Any CPU.ActiveCfg = Release|Any CPU
		{518A0DC4-A738-4EC9-9772-3C9D8CCB9FDB}.Release|Any CPU.Build.0 = Release|Any CPU
		{B8DDA6E9-D856-4723-85C4-30926D436B52}.Debug|Any CPU.ActiveCfg = Debug|Any CPU
		{B8DDA6E9-D856-4723-85C4-30926D436B52}.Debug|Any CPU.Build.0 = Debug|Any CPU
		{B8DDA6E9-D856-4723-85C4-30926D436B52}.Release|Any CPU.ActiveCfg = Release|Any CPU
		{B8DDA6E9-D856-4723-85C4-30926D436B52}.Release|Any CPU.Build.0 = Release|Any CPU
	EndGlobalSection
	GlobalSection(SolutionProperties) = preSolution
		HideSolutionNode = FALSE
	EndGlobalSection
	GlobalSection(ExtensibilityGlobals) = postSolution
		SolutionGuid = {F53E3487-B063-46E2-B25D-55E3259A340B}
	EndGlobalSection
EndGlobal
